Microsoft Visual Studio Solution File, Format Version 12.00
# Visual Studio Version 18
VisualStudioVersion = 18.3.11123.18
MinimumVisualStudioVersion = 10.0.40219.1
Project("{9A19103F-16F7-4668-BE54-9A1E7A4F7556}") = "microsoft-update-partition", "microsoft-update-partition\src\microsoft-update-partition.csproj", "{FDC37BEC-25B9-DAE3-C1A8-32763A5C599D}"
EndProject
Project("{9A19103F-16F7-4668-BE54-9A1E7A4F7556}") = "microsoft-update-webservices", "microsoft-update-webservices\src\microsoft-update-webservices.csproj", "{94400D4E-3ADD-77B5-321F-A4FDBDFFF4CA}"
EndProject
Project("{9A19103F-16F7-4668-BE54-9A1E7A4F7556}") = "microsoft-update-endpoints", "microsoft-update-endpoints\src\microsoft-update-endpoints.csproj", "{C673C2A5-7995-CA50-5540-34E56B416D73}"
EndProject
Project("{9A19103F-16F7-4668-BE54-9A1E7A4F7556}") = "microsoft-update-upstream-source", "microsoft-update-upstream-source\src\microsoft-update-upstream-source.csproj", "{44F179B0-CC67-A5A8-6D65-B7A074163B56}"
EndProject
Project("{9A19103F-16F7-4668-BE54-9A1E7A4F7556}") = "UpdateEngine", "UpdateEngine\src\UpdateEngine.csproj", "{19A7B24B-4AB3-06A5-F2D4-682174BA64C3}"
EndProject
Project("{9A19103F-16F7-4668-BE54-9A1E7A4F7556}") = "UpdateEngineTest", "UpdateEngine\test\UpdateEngineTest.csproj", "{87230041-AB9B-E424-878B-749BEEB513CC}"
EndProject
Project("{9A19103F-16F7-4668-BE54-9A1E7A4F7556}") = "AppHost", "AppHost\src\AppHost.csproj", "{F97BC4F3-3555-A688-A95D-A7F7A8837D32}"
EndProject
Project("{2150E333-8FDC-42A3-9474-1A3956D46DE8}") = "UpdateEngine", "UpdateEngine", "{068869DA-637B-D09A-E327-279087899466}"
EndProject
Project("{2150E333-8FDC-42A3-9474-1A3956D46DE8}") = "Microsoft.UpdateServices", "Microsoft.UpdateServices", "{E9DF2FC4-FBD1-586B-9B60-9BCCC8C18F0D}"
EndProject
Project("{9A19103F-16F7-4668-BE54-9A1E7A4F7556}") = "update-cli", "update-cli\update-cli.csproj", "{C8D5E234-1A2B-4567-8901-234567890ABC}"
EndProject
Project("{FAE04EC0-301F-11D3-BF4B-00C04F79EFBC}") = "Configuration", "Configuration\Configuration.csproj", "{4DC63F6D-F224-25D5-BB69-94B9DD95C085}"
EndProject
Project("{9A19103F-16F7-4668-BE54-9A1E7A4F7556}") = "upsync", "upsync\upsync.csproj", "{F1E2D3C4-5A6B-7C8D-9E0F-123456789DEF}"
EndProject
Global
	GlobalSection(SolutionConfigurationPlatforms) = preSolution
		Debug|x64 = Debug|x64
		Release|x64 = Release|x64
	EndGlobalSection
	GlobalSection(ProjectConfigurationPlatforms) = postSolution
		{FDC37BEC-25B9-DAE3-C1A8-32763A5C599D}.Debug|x64.ActiveCfg = Debug|x64
		{FDC37BEC-25B9-DAE3-C1A8-32763A5C599D}.Debug|x64.Build.0 = Debug|x64
		{FDC37BEC-25B9-DAE3-C1A8-32763A5C599D}.Release|x64.ActiveCfg = Release|x64
		{FDC37BEC-25B9-DAE3-C1A8-32763A5C599D}.Release|x64.Build.0 = Release|x64
		{94400D4E-3ADD-77B5-321F-A4FDBDFFF4CA}.Debug|x64.ActiveCfg = Debug|x64
		{94400D4E-3ADD-77B5-321F-A4FDBDFFF4CA}.Debug|x64.Build.0 = Debug|x64
		{94400D4E-3ADD-77B5-321F-A4FDBDFFF4CA}.Release|x64.ActiveCfg = Release|x64
		{94400D4E-3ADD-77B5-321F-A4FDBDFFF4CA}.Release|x64.Build.0 = Release|x64
		{C673C2A5-7995-CA50-5540-34E56B416D73}.Debug|x64.ActiveCfg = Debug|x64
		{C673C2A5-7995-CA50-5540-34E56B416D73}.Debug|x64.Build.0 = Debug|x64
		{C673C2A5-7995-CA50-5540-34E56B416D73}.Release|x64.ActiveCfg = Release|x64
		{C673C2A5-7995-CA50-5540-34E56B416D73}.Release|x64.Build.0 = Release|x64
		{44F179B0-CC67-A5A8-6D65-B7A074163B56}.Debug|x64.ActiveCfg = Debug|x64
		{44F179B0-CC67-A5A8-6D65-B7A074163B56}.Debug|x64.Build.0 = Debug|x64
		{44F179B0-CC67-A5A8-6D65-B7A074163B56}.Release|x64.ActiveCfg = Release|x64
		{44F179B0-CC67-A5A8-6D65-B7A074163B56}.Release|x64.Build.0 = Release|x64
		{19A7B24B-4AB3-06A5-F2D4-682174BA64C3}.Debug|x64.ActiveCfg = Debug|x64
		{19A7B24B-4AB3-06A5-F2D4-682174BA64C3}.Debug|x64.Build.0 = Debug|x64
		{19A7B24B-4AB3-06A5-F2D4-682174BA64C3}.Release|x64.ActiveCfg = Release|x64
		{19A7B24B-4AB3-06A5-F2D4-682174BA64C3}.Release|x64.Build.0 = Release|x64
		{87230041-AB9B-E424-878B-749BEEB513CC}.Debug|x64.ActiveCfg = Debug|x64
		{87230041-AB9B-E424-878B-749BEEB513CC}.Debug|x64.Build.0 = Debug|x64
		{87230041-AB9B-E424-878B-749BEEB513CC}.Release|x64.ActiveCfg = Release|x64
		{87230041-AB9B-E424-878B-749BEEB513CC}.Release|x64.Build.0 = Release|x64
		{F97BC4F3-3555-A688-A95D-A7F7A8837D32}.Debug|x64.ActiveCfg = Debug|x64
		{F97BC4F3-3555-A688-A95D-A7F7A8837D32}.Debug|x64.Build.0 = Debug|x64
		{F97BC4F3-3555-A688-A95D-A7F7A8837D32}.Release|x64.ActiveCfg = Release|x64
		{F97BC4F3-3555-A688-A95D-A7F7A8837D32}.Release|x64.Build.0 = Release|x64
		{C8D5E234-1A2B-4567-8901-234567890ABC}.Debug|x64.ActiveCfg = Debug|x64
		{C8D5E234-1A2B-4567-8901-234567890ABC}.Debug|x64.Build.0 = Debug|x64
		{C8D5E234-1A2B-4567-8901-234567890ABC}.Release|x64.ActiveCfg = Release|x64
		{C8D5E234-1A2B-4567-8901-234567890ABC}.Release|x64.Build.0 = Release|x64
		{4DC63F6D-F224-25D5-BB69-94B9DD95C085}.Debug|x64.ActiveCfg = Debug|x64
		{4DC63F6D-F224-25D5-BB69-94B9DD95C085}.Debug|x64.Build.0 = Debug|x64
		{4DC63F6D-F224-25D5-BB69-94B9DD95C085}.Release|x64.ActiveCfg = Release|x64
		{4DC63F6D-F224-25D5-BB69-94B9DD95C085}.Release|x64.Build.0 = Release|x64
		{F1E2D3C4-5A6B-7C8D-9E0F-123456789DEF}.Debug|x64.ActiveCfg = Debug|x64
		{F1E2D3C4-5A6B-7C8D-9E0F-123456789DEF}.Debug|x64.Build.0 = Debug|x64
		{F1E2D3C4-5A6B-7C8D-9E0F-123456789DEF}.Release|x64.ActiveCfg = Release|x64
		{F1E2D3C4-5A6B-7C8D-9E0F-123456789DEF}.Release|x64.Build.0 = Release|x64
	EndGlobalSection
	GlobalSection(SolutionProperties) = preSolution
		HideSolutionNode = FALSE
	EndGlobalSection
	GlobalSection(NestedProjects) = preSolution
		{FDC37BEC-25B9-DAE3-C1A8-32763A5C599D} = {E9DF2FC4-FBD1-586B-9B60-9BCCC8C18F0D}
		{94400D4E-3ADD-77B5-321F-A4FDBDFFF4CA} = {E9DF2FC4-FBD1-586B-9B60-9BCCC8C18F0D}
		{C673C2A5-7995-CA50-5540-34E56B416D73} = {E9DF2FC4-FBD1-586B-9B60-9BCCC8C18F0D}
		{44F179B0-CC67-A5A8-6D65-B7A074163B56} = {E9DF2FC4-FBD1-586B-9B60-9BCCC8C18F0D}
		{19A7B24B-4AB3-06A5-F2D4-682174BA64C3} = {068869DA-637B-D09A-E327-279087899466}
		{87230041-AB9B-E424-878B-749BEEB513CC} = {068869DA-637B-D09A-E327-279087899466}
	EndGlobalSection
	GlobalSection(ExtensibilityGlobals) = postSolution
		SolutionGuid = {728E2CE1-3F19-4640-A8F5-B899FF840326}
	EndGlobalSection
EndGlobal
